{
	"name": "@nofrills/ssh",
	"version": "0.10.6-next.0",
	"lockfileVersion": 1,
	"requires": true,
	"dependencies": {
		"@nofrills/collections": {
			"version": "3.8.0",
			"resolved": "https://registry.npmjs.org/@nofrills/collections/-/collections-3.8.0.tgz",
			"integrity": "sha512-NSUnqXAynj35Dizmq2RL2EVvn3Ts4rlIRpnJpnygV1mUV3haNYuge8mGZklBpe6I8O9GPabh9fgu4IbHY2tTMg=="
		},
		"@nofrills/console": {
			"version": "3.6.0",
			"resolved": "https://registry.npmjs.org/@nofrills/console/-/console-3.6.0.tgz",
			"integrity": "sha512-23hgdK8iRnN6acrjABMn+fkj8YU7Vmu52H39bzBWfRONgyXRX2CE6V3zHnlYTrUx5judk5jaI0XSWTVftDrZcA==",
			"requires": {
				"@nofrills/fs": "^3.5.1",
				"@nofrills/lincoln-debug": "^3.6.2",
				"@nofrills/scrubs": "^3.5.2"
			}
		},
		"@nofrills/fs": {
			"version": "3.6.0",
			"resolved": "https://registry.npmjs.org/@nofrills/fs/-/fs-3.6.0.tgz",
			"integrity": "sha512-YW+AeBVK/LxFTdGfvxSlbxCKUha1kU31zoQSAeyJD0LQRZJLYre/C7uc9CjqofY3aySsJTuXWOKym3/pMLUC4w==",
			"requires": {
				"@nofrills/lincoln-debug": "^3.6.0",
				"glob": "^7.1.2",
				"mkdirp": "^0.5.1",
				"rxjs": "^6.3.3"
			}
		},
		"@nofrills/lincoln": {
			"version": "3.5.2",
			"resolved": "https://registry.npmjs.org/@nofrills/lincoln/-/lincoln-3.5.2.tgz",
			"integrity": "sha512-EWXxjtYehdzx/tSJcQp27fRflB5TPrVWE314/rgLpwvZWG1W5KtR5h45azIw5j/8asin0RSZYq5R4e9QFm//IA==",
			"requires": {
				"@nofrills/collections": "^3.8.0",
				"uuidjs": "^4.0.3"
			}
		},
		"@nofrills/lincoln-debug": {
			"version": "3.6.6",
			"resolved": "https://registry.npmjs.org/@nofrills/lincoln-debug/-/lincoln-debug-3.6.6.tgz",
			"integrity": "sha512-OU8YiRyiYcFu4qrt+Sl9gsGniQFbDhUgLyQb+gG4DTP8k1rMjjfJkzDF5uuk3c2ndCahntKuuHcYINla7hvZTQ==",
			"requires": {
				"@nofrills/collections": "^3.8.0",
				"@nofrills/lincoln": "^3.5.0",
				"debug": "^4.1.0"
			}
		},
		"@nofrills/scrubs": {
			"version": "3.6.0",
			"resolved": "https://registry.npmjs.org/@nofrills/scrubs/-/scrubs-3.6.0.tgz",
			"integrity": "sha512-3x++VqKJ+t2eUVk/P//OKWEHZZ3M6lL84cysUy5Ep+FbgmqBZMAL6uDtVFegFtY2ztJp8EXXLf5jwNHLQxuc8A==",
			"requires": {
				"@nofrills/lincoln-debug": "^3.6.0",
				"@nofrills/types": "^3.4.2",
				"deepmerge": "^2.2.1"
			}
		},
		"@nofrills/types": {
			"version": "3.5.0",
			"resolved": "https://registry.npmjs.org/@nofrills/types/-/types-3.5.0.tgz",
			"integrity": "sha512-QJTh7HVU3EtPi5TeWvQ+2AsySbpk3AdN4oKa8GHFaTyiBgfYCjhZQATMjgWTde5NNjXZe+t9VUCYpNXwtVdPGQ==",
			"requires": {
				"deepmerge": "^2.2.1",
				"validator": "^10.8.0",
				"zipcodes-regex": "^1.0.2"
			}
		},
		"@types/node": {
			"version": "12.0.8",
			"resolved": "https://registry.npmjs.org/@types/node/-/node-12.0.8.tgz",
			"integrity": "sha512-b8bbUOTwzIY3V5vDTY1fIJ+ePKDUBqt2hC2woVGotdQQhG/2Sh62HOKHrT7ab+VerXAcPyAiTEipPu/FsreUtg==",
			"dev": true
		},
		"@types/pegjs": {
			"version": "0.10.1",
			"resolved": "https://registry.npmjs.org/@types/pegjs/-/pegjs-0.10.1.tgz",
			"integrity": "sha512-ra8IchO9odGQmYKbm+94K58UyKCEKdZh9y0vxhG4pIpOJOBlC1C+ZtBVr6jLs+/oJ4pl+1p/4t3JtBA8J10Vvw==",
			"dev": true
		},
		"balanced-match": {
			"version": "1.0.0",
			"resolved": "https://registry.npmjs.org/balanced-match/-/balanced-match-1.0.0.tgz",
			"integrity": "sha1-ibTRmasr7kneFk6gK4nORi1xt2c="
		},
		"brace-expansion": {
			"version": "1.1.11",
			"resolved": "https://registry.npmjs.org/brace-expansion/-/brace-expansion-1.1.11.tgz",
			"integrity": "sha512-iCuPHDFgrHX7H2vEI/5xpz07zSHB00TpugqhmYtVmMO6518mCuRMoOYFldEBl0g187ufozdaHgWKcYFb61qGiA==",
			"requires": {
				"balanced-match": "^1.0.0",
				"concat-map": "0.0.1"
			}
		},
		"concat-map": {
			"version": "0.0.1",
			"resolved": "https://registry.npmjs.org/concat-map/-/concat-map-0.0.1.tgz",
			"integrity": "sha1-2Klr13/Wjfd5OnMDajug1UBdR3s="
		},
		"debug": {
			"version": "4.1.1",
			"resolved": "https://registry.npmjs.org/debug/-/debug-4.1.1.tgz",
			"integrity": "sha512-pYAIzeRo8J6KPEaJ0VWOh5Pzkbw/RetuzehGM7QRRX5he4fPHx2rdKMB256ehJCkX+XRQm16eZLqLNS8RSZXZw==",
			"requires": {
				"ms": "^2.1.1"
			}
		},
		"deepmerge": {
			"version": "2.2.1",
			"resolved": "https://registry.npmjs.org/deepmerge/-/deepmerge-2.2.1.tgz",
			"integrity": "sha512-R9hc1Xa/NOBi9WRVUWg19rl1UB7Tt4kuPd+thNJgFZoxXsTz7ncaPaeIm+40oSGuP33DfMb4sZt1QIGiJzC4EA=="
		},
		"fs.realpath": {
			"version": "1.0.0",
			"resolved": "https://registry.npmjs.org/fs.realpath/-/fs.realpath-1.0.0.tgz",
			"integrity": "sha1-FQStJSMVjKpA20onh8sBQRmU6k8="
		},
		"glob": {
			"version": "7.1.4",
			"resolved": "https://registry.npmjs.org/glob/-/glob-7.1.4.tgz",
			"integrity": "sha512-hkLPepehmnKk41pUGm3sYxoFs/umurYfYJCerbXEyFIWcAzvpipAgVkBqqT9RBKMGjnq6kMuyYwha6csxbiM1A==",
			"requires": {
				"fs.realpath": "^1.0.0",
				"inflight": "^1.0.4",
				"inherits": "2",
				"minimatch": "^3.0.4",
				"once": "^1.3.0",
				"path-is-absolute": "^1.0.0"
			}
		},
		"inflight": {
			"version": "1.0.6",
			"resolved": "https://registry.npmjs.org/inflight/-/inflight-1.0.6.tgz",
			"integrity": "sha1-Sb1jMdfQLQwJvJEKEHW6gWW1bfk=",
			"requires": {
				"once": "^1.3.0",
				"wrappy": "1"
			}
		},
		"inherits": {
			"version": "2.0.3",
			"resolved": "https://registry.npmjs.org/inherits/-/inherits-2.0.3.tgz",
			"integrity": "sha1-Yzwsg+PaQqUC9SRmAiSA9CCCYd4="
		},
		"minimatch": {
			"version": "3.0.4",
			"resolved": "https://registry.npmjs.org/minimatch/-/minimatch-3.0.4.tgz",
			"integrity": "sha512-yJHVQEhyqPLUTgt9B83PXu6W3rx4MvvHvSUvToogpwoGDOUQ+yDrR0HRot+yOCdCO7u4hX3pWft6kWBBcqh0UA==",
			"requires": {
				"brace-expansion": "^1.1.7"
			}
		},
		"minimist": {
			"version": "0.0.8",
			"resolved": "https://registry.npmjs.org/minimist/-/minimist-0.0.8.tgz",
			"integrity": "sha1-hX/Kv8M5fSYluCKCYuhqp6ARsF0="
		},
		"mkdirp": {
			"version": "0.5.1",
			"resolved": "https://registry.npmjs.org/mkdirp/-/mkdirp-0.5.1.tgz",
			"integrity": "sha1-MAV0OOrGz3+MR2fzhkjWaX11yQM=",
			"requires": {
				"minimist": "0.0.8"
			}
		},
		"ms": {
			"version": "2.1.2",
			"resolved": "https://registry.npmjs.org/ms/-/ms-2.1.2.tgz",
			"integrity": "sha512-sGkPx+VjMtmA6MX27oA4FBFELFCZZ4S4XqeGOXCv68tT+jb3vk/RyaKWP0PTKyWtmLSM0b+adUTEvbs1PEaH2w=="
		},
		"once": {
			"version": "1.4.0",
			"resolved": "https://registry.npmjs.org/once/-/once-1.4.0.tgz",
			"integrity": "sha1-WDsap3WWHUsROsF9nFC6753Xa9E=",
			"requires": {
				"wrappy": "1"
			}
		},
		"path-is-absolute": {
			"version": "1.0.1",
			"resolved": "https://registry.npmjs.org/path-is-absolute/-/path-is-absolute-1.0.1.tgz",
			"integrity": "sha1-F0uSaHNVNP+8es5r9TpanhtcX18="
		},
		"pegjs": {
			"version": "0.10.0",
			"resolved": "https://registry.npmjs.org/pegjs/-/pegjs-0.10.0.tgz",
			"integrity": "sha1-z4uvrm7d/0tafvsYUmnqr0YQ3b0="
		},
		"rxjs": {
			"version": "6.5.2",
			"resolved": "https://registry.npmjs.org/rxjs/-/rxjs-6.5.2.tgz",
			"integrity": "sha512-HUb7j3kvb7p7eCUHE3FqjoDsC1xfZQ4AHFWfTKSpZ+sAhhz5X1WX0ZuUqWbzB2QhSLp3DoLUG+hMdEDKqWo2Zg==",
			"requires": {
				"tslib": "^1.9.0"
			}
		},
		"ts-pegjs": {
			"version": "0.2.5",
			"resolved": "https://registry.npmjs.org/ts-pegjs/-/ts-pegjs-0.2.5.tgz",
			"integrity": "sha512-Fhao8z9VDCTgDLQn/GGHoRkydBdddUmJqrGvpbqeHRRgr7/UuMC7uHOsYTaVnYPQTT79mydcTJr09KvTDikfNA==",
			"requires": {
				"pegjs": "^0.10.0"
			}
		},
		"tslib": {
			"version": "1.10.0",
			"resolved": "https://registry.npmjs.org/tslib/-/tslib-1.10.0.tgz",
			"integrity": "sha512-qOebF53frne81cf0S9B41ByenJ3/IuH8yJKngAX35CmiZySA0khhkovshKK+jGCaMnVomla7gVlIcc3EvKPbTQ=="
		},
		"uuidjs": {
			"version": "4.2.1",
			"resolved": "https://registry.npmjs.org/uuidjs/-/uuidjs-4.2.1.tgz",
			"integrity": "sha512-LNl5tqW081cMcn3+e1BqPDZIDNOooxrPHs7JN1j8pK7wFx0H/ziVUGVlALn+pNJ2jwT9RBHHQsKEnvgkOuYSDw=="
		},
		"validator": {
			"version": "10.11.0",
			"resolved": "https://registry.npmjs.org/validator/-/validator-10.11.0.tgz",
			"integrity": "sha512-X/p3UZerAIsbBfN/IwahhYaBbY68EN/UQBWHtsbXGT5bfrH/p4NQzUCG1kF/rtKaNpnJ7jAu6NGTdSNtyNIXMw=="
		},
		"wrappy": {
			"version": "1.0.2",
			"resolved": "https://registry.npmjs.org/wrappy/-/wrappy-1.0.2.tgz",
			"integrity": "sha1-tSQ9jz7BqjXxNkYFvA0QNuMKtp8="
		},
		"zipcodes-regex": {
			"version": "1.0.2",
			"resolved": "https://registry.npmjs.org/zipcodes-regex/-/zipcodes-regex-1.0.2.tgz",
			"integrity": "sha512-kaY7LfappD2/cT1CG9BYVRGCeXXI7HucGwLjwxNAEWzEBF/TJKnCBQJfovtvTwMb4eEmIRDFjGhDeZK5WDexCw=="
		}
	}
}
